
Microsoft Visual Studio Solution File, Format Version 12.00
# Visual Studio 15
VisualStudioVersion = 15.0.26430.13
MinimumVisualStudioVersion = 10.0.40219.1
Project("{FAE04EC0-301F-11D3-BF4B-00C04F79EFBC}") = "KaVE.FeedbackProcessor", "KaVE.FeedbackProcessor\KaVE.FeedbackProcessor.csproj", "{7B7AEA61-25F5-4938-BEE7-ED26AE7BE477}"
EndProject
Project("{FAE04EC0-301F-11D3-BF4B-00C04F79EFBC}") = "KaVE.FeedbackProcessor.Tests", "KaVE.FeedbackProcessor.Tests\KaVE.FeedbackProcessor.Tests.csproj", "{FCAAFB9E-BDFC-42C0-9AEA-FBDC55F65355}"
EndProject
Global
	GlobalSection(SolutionConfigurationPlatforms) = preSolution
		Debug|Any CPU = Debug|Any CPU
		Release|Any CPU = Release|Any CPU
	EndGlobalSection
	GlobalSection(ProjectConfigurationPlatforms) = postSolution
		{7B7AEA61-25F5-4938-BEE7-ED26AE7BE477}.Debug|Any CPU.ActiveCfg = Debug|Any CPU
		{7B7AEA61-25F5-4938-BEE7-ED26AE7BE477}.Debug|Any CPU.Build.0 = Debug|Any CPU
		{7B7AEA61-25F5-4938-BEE7-ED26AE7BE477}.Release|Any CPU.ActiveCfg = Release|Any CPU
		{7B7AEA61-25F5-4938-BEE7-ED26AE7BE477}.Release|Any CPU.Build.0 = Release|Any CPU
		{FCAAFB9E-BDFC-42C0-9AEA-FBDC55F65355}.Debug|Any CPU.ActiveCfg = Debug|Any CPU
		{FCAAFB9E-BDFC-42C0-9AEA-FBDC55F65355}.Debug|Any CPU.Build.0 = Debug|Any CPU
		{FCAAFB9E-BDFC-42C0-9AEA-FBDC55F65355}.Release|Any CPU.ActiveCfg = Release|Any CPU
		{FCAAFB9E-BDFC-42C0-9AEA-FBDC55F65355}.Release|Any CPU.Build.0 = Release|Any CPU
	EndGlobalSection
	GlobalSection(SolutionProperties) = preSolution
		HideSolutionNode = FALSE
	EndGlobalSection
EndGlobal
